// !$*UTF8*$!
{
	archiveVersion = 1;
	classes = {
	};
	objectVersion = 55;
	objects = {

/* Begin PBXBuildFile section */
		1524D5A628AE8A6E00FB7B65 /* AppDelegate.swift in Sources */ = {isa = PBXBuildFile; fileRef = 1524D5A528AE8A6E00FB7B65 /* AppDelegate.swift */; };
		1524D5A828AE8A6E00FB7B65 /* SceneDelegate.swift in Sources */ = {isa = PBXBuildFile; fileRef = 1524D5A728AE8A6E00FB7B65 /* SceneDelegate.swift */; };
		1524D5AA28AE8A6E00FB7B65 /* ViewController.swift in Sources */ = {isa = PBXBuildFile; fileRef = 1524D5A928AE8A6E00FB7B65 /* ViewController.swift */; };
		1524D5AD28AE8A6E00FB7B65 /* Main.storyboard in Resources */ = {isa = PBXBuildFile; fileRef = 1524D5AB28AE8A6E00FB7B65 /* Main.storyboard */; };
		1524D5AF28AE8A7000FB7B65 /* Assets.xcassets in Resources */ = {isa = PBXBuildFile; fileRef = 1524D5AE28AE8A7000FB7B65 /* Assets.xcassets */; };
		1524D5B228AE8A7000FB7B65 /* LaunchScreen.storyboard in Resources */ = {isa = PBXBuildFile; fileRef = 1524D5B028AE8A7000FB7B65 /* LaunchScreen.storyboard */; };
		1524D5BD28AE8A7000FB7B65 /* base_projectTests.swift in Sources */ = {isa = PBXBuildFile; fileRef = 1524D5BC28AE8A7000FB7B65 /* base_projectTests.swift */; };
		1524D5C728AE8A7000FB7B65 /* base_projectUITests.swift in Sources */ = {isa = PBXBuildFile; fileRef = 1524D5C628AE8A7000FB7B65 /* base_projectUITests.swift */; };
		1524D5C928AE8A7000FB7B65 /* base_projectUITestsLaunchTests.swift in Sources */ = {isa = PBXBuildFile; fileRef = 1524D5C828AE8A7000FB7B65 /* base_projectUITestsLaunchTests.swift */; };
/* End PBXBuildFile section */

/* Begin PBXContainerItemProxy section */
		1524D5B928AE8A7000FB7B65 /* PBXContainerItemProxy */ = {
			isa = PBXContainerItemProxy;
			containerPortal = 1524D59A28AE8A6E00FB7B65 /* Project object */;
			proxyType = 1;
			remoteGlobalIDString = 1524D5A128AE8A6E00FB7B65;
			remoteInfo = base_project;
		};
		1524D5C328AE8A7000FB7B65 /* PBXContainerItemProxy */ = {
			isa = PBXContainerItemProxy;
			containerPortal = 1524D59A28AE8A6E00FB7B65 /* Project object */;
			proxyType = 1;
			remoteGlobalIDString = 1524D5A128AE8A6E00FB7B65;
			remoteInfo = base_project;
		};
/* End PBXContainerItemProxy section */

/* Begin PBXFileReference section */
		1524D5A228AE8A6E00FB7B65 /* base_project.app */ = {isa = PBXFileReference; explicitFileType = wrapper.application; includeInIndex = 0; path = base_project.app; sourceTree = BUILT_PRODUCTS_DIR; };
		1524D5A528AE8A6E00FB7B65 /* AppDelegate.swift */ = {isa = PBXFileReference; lastKnownFileType = sourcecode.swift; path = AppDelegate.swift; sourceTree = "<group>"; };
		1524D5A728AE8A6E00FB7B65 /* SceneDelegate.swift */ = {isa = PBXFileReference; lastKnownFileType = sourcecode.swift; path = SceneDelegate.swift; sourceTree = "<group>"; };
		1524D5A928AE8A6E00FB7B65 /* ViewController.swift */ = {isa = PBXFileReference; lastKnownFileType = sourcecode.swift; path = ViewController.swift; sourceTree = "<group>"; };
		1524D5AC28AE8A6E00FB7B65 /* Base */ = {isa = PBXFileReference; lastKnownFileType = file.storyboard; name = Base; path = Base.lproj/Main.storyboard; sourceTree = "<group>"; };
		1524D5AE28AE8A7000FB7B65 /* Assets.xcassets */ = {isa = PBXFileReference; lastKnownFileType = folder.assetcatalog; path = Assets.xcassets; sourceTree = "<group>"; };
		1524D5B128AE8A7000FB7B65 /* Base */ = {isa = PBXFileReference; lastKnownFileType = file.storyboard; name = Base; path = Base.lproj/LaunchScreen.storyboard; sourceTree = "<group>"; };
		1524D5B328AE8A7000FB7B65 /* Info.plist */ = {isa = PBXFileReference; lastKnownFileType = text.plist.xml; path = Info.plist; sourceTree = "<group>"; };
		1524D5B828AE8A7000FB7B65 /* base_projectTests.xctest */ = {isa = PBXFileReference; explicitFileType = wrapper.cfbundle; includeInIndex = 0; path = base_projectTests.xctest; sourceTree = BUILT_PRODUCTS_DIR; };
		1524D5BC28AE8A7000FB7B65 /* base_projectTests.swift */ = {isa = PBXFileReference; lastKnownFileType = sourcecode.swift; path = base_projectTests.swift; sourceTree = "<group>"; };
		1524D5C228AE8A7000FB7B65 /* base_projectUITests.xctest */ = {isa = PBXFileReference; explicitFileType = wrapper.cfbundle; includeInIndex = 0; path = base_projectUITests.xctest; sourceTree = BUILT_PRODUCTS_DIR; };
		1524D5C628AE8A7000FB7B65 /* base_projectUITests.swift */ = {isa = PBXFileReference; lastKnownFileType = sourcecode.swift; path = base_projectUITests.swift; sourceTree = "<group>"; };
		1524D5C828AE8A7000FB7B65 /* base_projectUITestsLaunchTests.swift */ = {isa = PBXFileReference; lastKnownFileType = sourcecode.swift; path = base_projectUITestsLaunchTests.swift; sourceTree = "<group>"; };
/* End PBXFileReference section */

/* Begin PBXFrameworksBuildPhase section */
		1524D59F28AE8A6E00FB7B65 /* Frameworks */ = {
			isa = PBXFrameworksBuildPhase;
			buildActionMask = 2147483647;
			files = (
			);
			runOnlyForDeploymentPostprocessing = 0;
		};
		1524D5B528AE8A7000FB7B65 /* Frameworks */ = {
			isa = PBXFrameworksBuildPhase;
			buildActionMask = 2147483647;
			files = (
			);
			runOnlyForDeploymentPostprocessing = 0;
		};
		1524D5BF28AE8A7000FB7B65 /* Frameworks */ = {
			isa = PBXFrameworksBuildPhase;
			buildActionMask = 2147483647;
			files = (
			);
			runOnlyForDeploymentPostprocessing = 0;
		};
/* End PBXFrameworksBuildPhase section */

/* Begin PBXGroup section */
		1524D59928AE8A6E00FB7B65 = {
			isa = PBXGroup;
			children = (
				1524D5A428AE8A6E00FB7B65 /* base_project */,
				1524D5BB28AE8A7000FB7B65 /* base_projectTests */,
				1524D5C528AE8A7000FB7B65 /* base_projectUITests */,
				1524D5A328AE8A6E00FB7B65 /* Products */,
			);
			sourceTree = "<group>";
		};
		1524D5A328AE8A6E00FB7B65 /* Products */ = {
			isa = PBXGroup;
			children = (
				1524D5A228AE8A6E00FB7B65 /* base_project.app */,
				1524D5B828AE8A7000FB7B65 /* base_projectTests.xctest */,
				1524D5C228AE8A7000FB7B65 /* base_projectUITests.xctest */,
			);
			name = Products;
			sourceTree = "<group>";
		};
		1524D5A428AE8A6E00FB7B65 /* base_project */ = {
			isa = PBXGroup;
			children = (
				1524D5A528AE8A6E00FB7B65 /* AppDelegate.swift */,
				1524D5A728AE8A6E00FB7B65 /* SceneDelegate.swift */,
				1524D5A928AE8A6E00FB7B65 /* ViewController.swift */,
				1524D5AB28AE8A6E00FB7B65 /* Main.storyboard */,
				1524D5AE28AE8A7000FB7B65 /* Assets.xcassets */,
				1524D5B028AE8A7000FB7B65 /* LaunchScreen.storyboard */,
				1524D5B328AE8A7000FB7B65 /* Info.plist */,
			);
			path = base_project;
			sourceTree = "<group>";
		};
		1524D5BB28AE8A7000FB7B65 /* base_projectTests */ = {
			isa = PBXGroup;
			children = (
				1524D5BC28AE8A7000FB7B65 /* base_projectTests.swift */,
			);
			path = base_projectTests;
			sourceTree = "<group>";
		};
		1524D5C528AE8A7000FB7B65 /* base_projectUITests */ = {
			isa = PBXGroup;
			children = (
				1524D5C628AE8A7000FB7B65 /* base_projectUITests.swift */,
				1524D5C828AE8A7000FB7B65 /* base_projectUITestsLaunchTests.swift */,
			);
			path = base_projectUITests;
			sourceTree = "<group>";
		};
/* End PBXGroup section */

/* Begin PBXNativeTarget section */
		1524D5A128AE8A6E00FB7B65 /* base_project */ = {
			isa = PBXNativeTarget;
			buildConfigurationList = 1524D5CC28AE8A7000FB7B65 /* Build configuration list for PBXNativeTarget "base_project" */;
			buildPhases = (
				1524D59E28AE8A6E00FB7B65 /* Sources */,
				1524D59F28AE8A6E00FB7B65 /* Frameworks */,
				1524D5A028AE8A6E00FB7B65 /* Resources */,
			);
			buildRules = (
			);
			dependencies = (
			);
			name = base_project;
			productName = base_project;
			productReference = 1524D5A228AE8A6E00FB7B65 /* base_project.app */;
			productType = "com.apple.product-type.application";
		};
		1524D5B728AE8A7000FB7B65 /* base_projectTests */ = {
			isa = PBXNativeTarget;
			buildConfigurationList = 1524D5CF28AE8A7000FB7B65 /* Build configuration list for PBXNativeTarget "base_projectTests" */;
			buildPhases = (
				1524D5B428AE8A7000FB7B65 /* Sources */,
				1524D5B528AE8A7000FB7B65 /* Frameworks */,
				1524D5B628AE8A7000FB7B65 /* Resources */,
			);
			buildRules = (
			);
			dependencies = (
				1524D5BA28AE8A7000FB7B65 /* PBXTargetDependency */,
			);
			name = base_projectTests;
			productName = base_projectTests;
			productReference = 1524D5B828AE8A7000FB7B65 /* base_projectTests.xctest */;
			productType = "com.apple.product-type.bundle.unit-test";
		};
		1524D5C128AE8A7000FB7B65 /* base_projectUITests */ = {
			isa = PBXNativeTarget;
			buildConfigurationList = 1524D5D228AE8A7000FB7B65 /* Build configuration list for PBXNativeTarget "base_projectUITests" */;
			buildPhases = (
				1524D5BE28AE8A7000FB7B65 /* Sources */,
				1524D5BF28AE8A7000FB7B65 /* Frameworks */,
				1524D5C028AE8A7000FB7B65 /* Resources */,
			);
			buildRules = (
			);
			dependencies = (
				1524D5C428AE8A7000FB7B65 /* PBXTargetDependency */,
			);
			name = base_projectUITests;
			productName = base_projectUITests;
			productReference = 1524D5C228AE8A7000FB7B65 /* base_projectUITests.xctest */;
			productType = "com.apple.product-type.bundle.ui-testing";
		};
/* End PBXNativeTarget section */

/* Begin PBXProject section */
		1524D59A28AE8A6E00FB7B65 /* Project object */ = {
			isa = PBXProject;
			attributes = {
				BuildIndependentTargetsInParallel = 1;
				LastSwiftUpdateCheck = 1340;
				LastUpgradeCheck = 1340;
				TargetAttributes = {
					1524D5A128AE8A6E00FB7B65 = {
						CreatedOnToolsVersion = 13.4.1;
					};
					1524D5B728AE8A7000FB7B65 = {
						CreatedOnToolsVersion = 13.4.1;
						TestTargetID = 1524D5A128AE8A6E00FB7B65;
					};
					1524D5C128AE8A7000FB7B65 = {
						CreatedOnToolsVersion = 13.4.1;
						TestTargetID = 1524D5A128AE8A6E00FB7B65;
					};
				};
			};
			buildConfigurationList = 1524D59D28AE8A6E00FB7B65 /* Build configuration list for PBXProject "base_project" */;
			compatibilityVersion = "Xcode 13.0";
			developmentRegion = en;
			hasScannedForEncodings = 0;
			knownRegions = (
				en,
				Base,
			);
			mainGroup = 1524D59928AE8A6E00FB7B65;
			productRefGroup = 1524D5A328AE8A6E00FB7B65 /* Products */;
			projectDirPath = "";
			projectRoot = "";
			targets = (
				1524D5A128AE8A6E00FB7B65 /* base_project */,
				1524D5B728AE8A7000FB7B65 /* base_projectTests */,
				1524D5C128AE8A7000FB7B65 /* base_projectUITests */,
			);
		};
/* End PBXProject section */

/* Begin PBXResourcesBuildPhase section */
		1524D5A028AE8A6E00FB7B65 /* Resources */ = {
			isa = PBXResourcesBuildPhase;
			buildActionMask = 2147483647;
			files = (
				1524D5B228AE8A7000FB7B65 /* LaunchScreen.storyboard in Resources */,
				1524D5AF28AE8A7000FB7B65 /* Assets.xcassets in Resources */,
				1524D5AD28AE8A6E00FB7B65 /* Main.storyboard in Resources */,
			);
			runOnlyForDeploymentPostprocessing = 0;
		};
		1524D5B628AE8A7000FB7B65 /* Resources */ = {
			isa = PBXResourcesBuildPhase;
			buildActionMask = 2147483647;
			files = (
			);
			runOnlyForDeploymentPostprocessing = 0;
		};
		1524D5C028AE8A7000FB7B65 /* Resources */ = {
			isa = PBXResourcesBuildPhase;
			buildActionMask = 2147483647;
			files = (
			);
			runOnlyForDeploymentPostprocessing = 0;
		};
/* End PBXResourcesBuildPhase section */

/* Begin PBXSourcesBuildPhase section */
		1524D59E28AE8A6E00FB7B65 /* Sources */ = {
			isa = PBXSourcesBuildPhase;
			buildActionMask = 2147483647;
			files = (
				1524D5AA28AE8A6E00FB7B65 /* ViewController.swift in Sources */,
				1524D5A628AE8A6E00FB7B65 /* AppDelegate.swift in Sources */,
				1524D5A828AE8A6E00FB7B65 /* SceneDelegate.swift in Sources */,
			);
			runOnlyForDeploymentPostprocessing = 0;
		};
		1524D5B428AE8A7000FB7B65 /* Sources */ = {
			isa = PBXSourcesBuildPhase;
			buildActionMask = 2147483647;
			files = (
				1524D5BD28AE8A7000FB7B65 /* base_projectTests.swift in Sources */,
			);
			runOnlyForDeploymentPostprocessing = 0;
		};
		1524D5BE28AE8A7000FB7B65 /* Sources */ = {
			isa = PBXSourcesBuildPhase;
			buildActionMask = 2147483647;
			files = (
				1524D5C728AE8A7000FB7B65 /* base_projectUITests.swift in Sources */,
				1524D5C928AE8A7000FB7B65 /* base_projectUITestsLaunchTests.swift in Sources */,
			);
			runOnlyForDeploymentPostprocessing = 0;
		};
/* End PBXSourcesBuildPhase section */

/* Begin PBXTargetDependency section */
		1524D5BA28AE8A7000FB7B65 /* PBXTargetDependency */ = {
			isa = PBXTargetDependency;
			target = 1524D5A128AE8A6E00FB7B65 /* base_project */;
			targetProxy = 1524D5B928AE8A7000FB7B65 /* PBXContainerItemProxy */;
		};
		1524D5C428AE8A7000FB7B65 /* PBXTargetDependency */ = {
			isa = PBXTargetDependency;
			target = 1524D5A128AE8A6E00FB7B65 /* base_project */;
			targetProxy = 1524D5C328AE8A7000FB7B65 /* PBXContainerItemProxy */;
		};
/* End PBXTargetDependency section */

/* Begin PBXVariantGroup section */
		1524D5AB28AE8A6E00FB7B65 /* Main.storyboard */ = {
			isa = PBXVariantGroup;
			children = (
				1524D5AC28AE8A6E00FB7B65 /* Base */,
			);
			name = Main.storyboard;
			sourceTree = "<group>";
		};
		1524D5B028AE8A7000FB7B65 /* LaunchScreen.storyboard */ = {
			isa = PBXVariantGroup;
			children = (
				1524D5B128AE8A7000FB7B65 /* Base */,
			);
			name = LaunchScreen.storyboard;
			sourceTree = "<group>";
		};
/* End PBXVariantGroup section */

/* Begin XCBuildConfiguration section */
		1524D5CA28AE8A7000FB7B65 /* Debug */ = {
			isa = XCBuildConfiguration;
			buildSettings = {
				ALWAYS_SEARCH_USER_PATHS = NO;
				CLANG_ANALYZER_NONNULL = YES;
				CLANG_ANALYZER_NUMBER_OBJECT_CONVERSION = YES_AGGRESSIVE;
				CLANG_CXX_LANGUAGE_STANDARD = "gnu++17";
				CLANG_ENABLE_MODULES = YES;
				CLANG_ENABLE_OBJC_ARC = YES;
				CLANG_ENABLE_OBJC_WEAK = YES;
				CLANG_WARN_BLOCK_CAPTURE_AUTORELEASING = YES;
				CLANG_WARN_BOOL_CONVERSION = YES;
				CLANG_WARN_COMMA = YES;
				CLANG_WARN_CONSTANT_CONVERSION = YES;
				CLANG_WARN_DEPRECATED_OBJC_IMPLEMENTATIONS = YES;
				CLANG_WARN_DIRECT_OBJC_ISA_USAGE = YES_ERROR;
				CLANG_WARN_DOCUMENTATION_COMMENTS = YES;
				CLANG_WARN_EMPTY_BODY = YES;
				CLANG_WARN_ENUM_CONVERSION = YES;
				CLANG_WARN_INFINITE_RECURSION = YES;
				CLANG_WARN_INT_CONVERSION = YES;
				CLANG_WARN_NON_LITERAL_NULL_CONVERSION = YES;
				CLANG_WARN_OBJC_IMPLICIT_RETAIN_SELF = YES;
				CLANG_WARN_OBJC_LITERAL_CONVERSION = YES;
				CLANG_WARN_OBJC_ROOT_CLASS = YES_ERROR;
				CLANG_WARN_QUOTED_INCLUDE_IN_FRAMEWORK_HEADER = YES;
				CLANG_WARN_RANGE_LOOP_ANALYSIS = YES;
				CLANG_WARN_STRICT_PROTOTYPES = YES;
				CLANG_WARN_SUSPICIOUS_MOVE = YES;
				CLANG_WARN_UNGUARDED_AVAILABILITY = YES_AGGRESSIVE;
				CLANG_WARN_UNREACHABLE_CODE = YES;
				CLANG_WARN__DUPLICATE_METHOD_MATCH = YES;
				COPY_PHASE_STRIP = NO;
				DEBUG_INFORMATION_FORMAT = dwarf;
				ENABLE_STRICT_OBJC_MSGSEND = YES;
				ENABLE_TESTABILITY = YES;
				GCC_C_LANGUAGE_STANDARD = gnu11;
				GCC_DYNAMIC_NO_PIC = NO;
				GCC_NO_COMMON_BLOCKS = YES;
				GCC_OPTIMIZATION_LEVEL = 0;
				GCC_PREPROCESSOR_DEFINITIONS = (
					"DEBUG=1",
					"$(inherited)",
				);
				GCC_WARN_64_TO_32_BIT_CONVERSION = YES;
				GCC_WARN_ABOUT_RETURN_TYPE = YES_ERROR;
				GCC_WARN_UNDECLARED_SELECTOR = YES;
				GCC_WARN_UNINITIALIZED_AUTOS = YES_AGGRESSIVE;
				GCC_WARN_UNUSED_FUNCTION = YES;
				GCC_WARN_UNUSED_VARIABLE = YES;
				IPHONEOS_DEPLOYMENT_TARGET = 15.5;
				MTL_ENABLE_DEBUG_INFO = INCLUDE_SOURCE;
				MTL_FAST_MATH = YES;
				ONLY_ACTIVE_ARCH = YES;
				SDKROOT = iphoneos;
				SWIFT_ACTIVE_COMPILATION_CONDITIONS = DEBUG;
				SWIFT_OPTIMIZATION_LEVEL = "-Onone";
			};
			name = Debug;
		};
		1524D5CB28AE8A7000FB7B65 /* Release */ = {
			isa = XCBuildConfiguration;
			buildSettings = {
				ALWAYS_SEARCH_USER_PATHS = NO;
				CLANG_ANALYZER_NONNULL = YES;
				CLANG_ANALYZER_NUMBER_OBJECT_CONVERSION = YES_AGGRESSIVE;
				CLANG_CXX_LANGUAGE_STANDARD = "gnu++17";
				CLANG_ENABLE_MODULES = YES;
				CLANG_ENABLE_OBJC_ARC = YES;
				CLANG_ENABLE_OBJC_WEAK = YES;
				CLANG_WARN_BLOCK_CAPTURE_AUTORELEASING = YES;
				CLANG_WARN_BOOL_CONVERSION = YES;
				CLANG_WARN_COMMA = YES;
				CLANG_WARN_CONSTANT_CONVERSION = YES;
				CLANG_WARN_DEPRECATED_OBJC_IMPLEMENTATIONS = YES;
				CLANG_WARN_DIRECT_OBJC_ISA_USAGE = YES_ERROR;
				CLANG_WARN_DOCUMENTATION_COMMENTS = YES;
				CLANG_WARN_EMPTY_BODY = YES;
				CLANG_WARN_ENUM_CONVERSION = YES;
				CLANG_WARN_INFINITE_RECURSION = YES;
				CLANG_WARN_INT_CONVERSION = YES;
				CLANG_WARN_NON_LITERAL_NULL_CONVERSION = YES;
				CLANG_WARN_OBJC_IMPLICIT_RETAIN_SELF = YES;
				CLANG_WARN_OBJC_LITERAL_CONVERSION = YES;
				CLANG_WARN_OBJC_ROOT_CLASS = YES_ERROR;
				CLANG_WARN_QUOTED_INCLUDE_IN_FRAMEWORK_HEADER = YES;
				CLANG_WARN_RANGE_LOOP_ANALYSIS = YES;
				CLANG_WARN_STRICT_PROTOTYPES = YES;
				CLANG_WARN_SUSPICIOUS_MOVE = YES;
				CLANG_WARN_UNGUARDED_AVAILABILITY = YES_AGGRESSIVE;
				CLANG_WARN_UNREACHABLE_CODE = YES;
				CLANG_WARN__DUPLICATE_METHOD_MATCH = YES;
				COPY_PHASE_STRIP = NO;
				DEBUG_INFORMATION_FORMAT = "dwarf-with-dsym";
				ENABLE_NS_ASSERTIONS = NO;
				ENABLE_STRICT_OBJC_MSGSEND = YES;
				GCC_C_LANGUAGE_STANDARD = gnu11;
				GCC_NO_COMMON_BLOCKS = YES;
				GCC_WARN_64_TO_32_BIT_CONVERSION = YES;
				GCC_WARN_ABOUT_RETURN_TYPE = YES_ERROR;
				GCC_WARN_UNDECLARED_SELECTOR = YES;
				GCC_WARN_UNINITIALIZED_AUTOS = YES_AGGRESSIVE;
				GCC_WARN_UNUSED_FUNCTION = YES;
				GCC_WARN_UNUSED_VARIABLE = YES;
				IPHONEOS_DEPLOYMENT_TARGET = 15.5;
				MTL_ENABLE_DEBUG_INFO = NO;
				MTL_FAST_MATH = YES;
				SDKROOT = iphoneos;
				SWIFT_COMPILATION_MODE = wholemodule;
				SWIFT_OPTIMIZATION_LEVEL = "-O";
				VALIDATE_PRODUCT = YES;
			};
			name = Release;
		};
		1524D5CD28AE8A7000FB7B65 /* Debug */ = {
			isa = XCBuildConfiguration;
			buildSettings = {
				ASSETCATALOG_COMPILER_APPICON_NAME = AppIcon;
				ASSETCATALOG_COMPILER_GLOBAL_ACCENT_COLOR_NAME = AccentColor;
				CODE_SIGN_STYLE = Automatic;
				CURRENT_PROJECT_VERSION = 1;
				GENERATE_INFOPLIST_FILE = YES;
				INFOPLIST_FILE = base_project/Info.plist;
				INFOPLIST_KEY_UIApplicationSupportsIndirectInputEvents = YES;
				INFOPLIST_KEY_UILaunchStoryboardName = LaunchScreen;
				INFOPLIST_KEY_UIMainStoryboardFile = Main;
				INFOPLIST_KEY_UISupportedInterfaceOrientations_iPad = "UIInterfaceOrientationPortrait UIInterfaceOrientationPortraitUpsideDown UIInterfaceOrientationLandscapeLeft UIInterfaceOrientationLandscapeRight";
				INFOPLIST_KEY_UISupportedInterfaceOrientations_iPhone = "UIInterfaceOrientationPortrait UIInterfaceOrientationLandscapeLeft UIInterfaceOrientationLandscapeRight";
				IPHONEOS_DEPLOYMENT_TARGET = 14.0;
				LD_RUNPATH_SEARCH_PATHS = (
					"$(inherited)",
					"@executable_path/Frameworks",
				);
				MARKETING_VERSION = 1.0;
				PRODUCT_BUNDLE_IDENTIFIER = "com.me.base-project";
				PRODUCT_NAME = "$(TARGET_NAME)";
				SWIFT_EMIT_LOC_STRINGS = YES;
				SWIFT_VERSION = 5.0;
				TARGETED_DEVICE_FAMILY = 1;
			};
			name = Debug;
		};
		1524D5CE28AE8A7000FB7B65 /* Release */ = {
			isa = XCBuildConfiguration;
			buildSettings = {
				ASSETCATALOG_COMPILER_APPICON_NAME = AppIcon;
				ASSETCATALOG_COMPILER_GLOBAL_ACCENT_COLOR_NAME = AccentColor;
				CODE_SIGN_STYLE = Automatic;
				CURRENT_PROJECT_VERSION = 1;
				GENERATE_INFOPLIST_FILE = YES;
				INFOPLIST_FILE = base_project/Info.plist;
				INFOPLIST_KEY_UIApplicationSupportsIndirectInputEvents = YES;
				INFOPLIST_KEY_UILaunchStoryboardName = LaunchScreen;
				INFOPLIST_KEY_UIMainStoryboardFile = Main;
				INFOPLIST_KEY_UISupportedInterfaceOrientations_iPad = "UIInterfaceOrientationPortrait UIInterfaceOrientationPortraitUpsideDown UIInterfaceOrientationLandscapeLeft UIInterfaceOrientationLandscapeRight";
				INFOPLIST_KEY_UISupportedInterfaceOrientations_iPhone = "UIInterfaceOrientationPortrait UIInterfaceOrientationLandscapeLeft UIInterfaceOrientationLandscapeRight";
				IPHONEOS_DEPLOYMENT_TARGET = 14.0;
				LD_RUNPATH_SEARCH_PATHS = (
					"$(inherited)",
					"@executable_path/Frameworks",
				);
				MARKETING_VERSION = 1.0;
				PRODUCT_BUNDLE_IDENTIFIER = "com.me.base-project";
				PRODUCT_NAME = "$(TARGET_NAME)";
				SWIFT_EMIT_LOC_STRINGS = YES;
				SWIFT_VERSION = 5.0;
				TARGETED_DEVICE_FAMILY = 1;
			};
			name = Release;
		};
		1524D5D028AE8A7000FB7B65 /* Debug */ = {
			isa = XCBuildConfiguration;
			buildSettings = {
				ALWAYS_EMBED_SWIFT_STANDARD_LIBRARIES = YES;
				BUNDLE_LOADER = "$(TEST_HOST)";
				CODE_SIGN_STYLE = Automatic;
				CURRENT_PROJECT_VERSION = 1;
				GENERATE_INFOPLIST_FILE = YES;
				IPHONEOS_DEPLOYMENT_TARGET = 15.5;
				MARKETING_VERSION = 1.0;
				PRODUCT_BUNDLE_IDENTIFIER = "com.me.base-projectTests";
				PRODUCT_NAME = "$(TARGET_NAME)";
				SWIFT_EMIT_LOC_STRINGS = NO;
				SWIFT_VERSION = 5.0;
				TARGETED_DEVICE_FAMILY = "1,2";
				TEST_HOST = "$(BUILT_PRODUCTS_DIR)/base_project.app/base_project";
			};
			name = Debug;
		};
		1524D5D128AE8A7000FB7B65 /* Release */ = {
			isa = XCBuildConfiguration;
			buildSettings = {
				ALWAYS_EMBED_SWIFT_STANDARD_LIBRARIES = YES;
				BUNDLE_LOADER = "$(TEST_HOST)";
				CODE_SIGN_STYLE = Automatic;
				CURRENT_PROJECT_VERSION = 1;
				GENERATE_INFOPLIST_FILE = YES;
				IPHONEOS_DEPLOYMENT_TARGET = 15.5;
				MARKETING_VERSION = 1.0;
				PRODUCT_BUNDLE_IDENTIFIER = "com.me.base-projectTests";
				PRODUCT_NAME = "$(TARGET_NAME)";
				SWIFT_EMIT_LOC_STRINGS = NO;
				SWIFT_VERSION = 5.0;
				TARGETED_DEVICE_FAMILY = "1,2";
				TEST_HOST = "$(BUILT_PRODUCTS_DIR)/base_project.app/base_project";
			};
			name = Release;
		};
		1524D5D328AE8A7000FB7B65 /* Debug */ = {
			isa = XCBuildConfiguration;
			buildSettings = {
				ALWAYS_EMBED_SWIFT_STANDARD_LIBRARIES = YES;
				CODE_SIGN_STYLE = Automatic;
				CURRENT_PROJECT_VERSION = 1;
				GENERATE_INFOPLIST_FILE = YES;
				MARKETING_VERSION = 1.0;
				PRODUCT_BUNDLE_IDENTIFIER = "com.me.base-projectUITests";
				PRODUCT_NAME = "$(TARGET_NAME)";
				SWIFT_EMIT_LOC_STRINGS = NO;
				SWIFT_VERSION = 5.0;
				TARGETED_DEVICE_FAMILY = "1,2";
				TEST_TARGET_NAME = base_project;
			};
			name = Debug;
		};
		1524D5D428AE8A7000FB7B65 /* Release */ = {
			isa = XCBuildConfiguration;
			buildSettings = {
				ALWAYS_EMBED_SWIFT_STANDARD_LIBRARIES = YES;
				CODE_SIGN_STYLE = Automatic;
				CURRENT_PROJECT_VERSION = 1;
				GENERATE_INFOPLIST_FILE = YES;
				MARKETING_VERSION = 1.0;
				PRODUCT_BUNDLE_IDENTIFIER = "com.me.base-projectUITests";
				PRODUCT_NAME = "$(TARGET_NAME)";
				SWIFT_EMIT_LOC_STRINGS = NO;
				SWIFT_VERSION = 5.0;
				TARGETED_DEVICE_FAMILY = "1,2";
				TEST_TARGET_NAME = base_project;
			};
			name = Release;
		};
/* End XCBuildConfiguration section */

/* Begin XCConfigurationList section */
		1524D59D28AE8A6E00FB7B65 /* Build configuration list for PBXProject "base_project" */ = {
			isa = XCConfigurationList;
			buildConfigurations = (
				1524D5CA28AE8A7000FB7B65 /* Debug */,
				1524D5CB28AE8A7000FB7B65 /* Release */,
			);
			defaultConfigurationIsVisible = 0;
			defaultConfigurationName = Release;
		};
		1524D5CC28AE8A7000FB7B65 /* Build configuration list for PBXNativeTarget "base_project" */ = {
			isa = XCConfigurationList;
			buildConfigurations = (
				1524D5CD28AE8A7000FB7B65 /* Debug */,
				1524D5CE28AE8A7000FB7B65 /* Release */,
			);
			defaultConfigurationIsVisible = 0;
			defaultConfigurationName = Release;
		};
		1524D5CF28AE8A7000FB7B65 /* Build configuration list for PBXNativeTarget "base_projectTests" */ = {
			isa = XCConfigurationList;
			buildConfigurations = (
				1524D5D028AE8A7000FB7B65 /* Debug */,
				1524D5D128AE8A7000FB7B65 /* Release */,
			);
			defaultConfigurationIsVisible = 0;
			defaultConfigurationName = Release;
		};
		1524D5D228AE8A7000FB7B65 /* Build configuration list for PBXNativeTarget "base_projectUITests" */ = {
			isa = XCConfigurationList;
			buildConfigurations = (
				1524D5D328AE8A7000FB7B65 /* Debug */,
				1524D5D428AE8A7000FB7B65 /* Release */,
			);
			defaultConfigurationIsVisible = 0;
			defaultConfigurationName = Release;
		};
/* End XCConfigurationList section */
	};
	rootObject = 1524D59A28AE8A6E00FB7B65 /* Project object */;
}
